
Microsoft Visual Studio Solution File, Format Version 12.00
# Visual Studio Version 16
VisualStudioVersion = 16.0.32106.194
MinimumVisualStudioVersion = 10.0.40219.1
Project("{FAE04EC0-301F-11D3-BF4B-00C04F79EFBC}") = "test", "test\test.csproj", "{DEFBF5CD-8158-4543-8EEA-53BF69673ED2}"
EndProject
Global
	GlobalSection(SolutionConfigurationPlatforms) = preSolution
		Debug|Any CPU = Debug|Any CPU
		Release|Any CPU = Release|Any CPU
	EndGlobalSection
	GlobalSection(ProjectConfigurationPlatforms) = postSolution
		{DEFBF5CD-8158-4543-8EEA-53BF69673ED2}.Debug|Any CPU.ActiveCfg = Debug|Any CPU
		{DEFBF5CD-8158-4543-8EEA-53BF69673ED2}.Debug|Any CPU.Build.0 = Debug|Any CPU
		{DEFBF5CD-8158-4543-8EEA-53BF69673ED2}.Release|Any CPU.ActiveCfg = Release|Any CPU
		{DEFBF5CD-8158-4543-8EEA-53BF69673ED2}.Release|Any CPU.Build.0 = Release|Any CPU
	EndGlobalSection
	GlobalSection(SolutionProperties) = preSolution
		HideSolutionNode = FALSE
	EndGlobalSection
	GlobalSection(ExtensibilityGlobals) = postSolution
		SolutionGuid = {184B3E48-BD5D-4DAB-B916-26E73E931A0F}
	EndGlobalSection
EndGlobal
